{
  "name": "frontend",
  "version": "0.1.0",
  "lockfileVersion": 1,
  "requires": true,
  "dependencies": {
    "autoprefixer": {
      "version": "7.1.6",
      "resolved": "https://registry.npmjs.org/autoprefixer/-/autoprefixer-7.1.6.tgz",
      "integrity": "sha512-C9yv/UF3X+eJTi/zvfxuyfxmLibYrntpF3qoJYrMeQwgUJOZrZvpJiMG2FMQ3qnhWtF/be4pYONBBw95ZGe3vA=="
    },
    "babel-core": {
      "version": "6.26.0",
      "resolved": "https://registry.npmjs.org/babel-core/-/babel-core-6.26.0.tgz",
      "integrity": "sha1-rzL3izGm/O8RnIew/Y2XU/A6C7g=",
      "dependencies": {
        "source-map": {
          "version": "0.5.7",
          "resolved": "https://registry.npmjs.org/source-map/-/source-map-0.5.7.tgz",
          "integrity": "sha1-igOdLRAh0i0eoUyA2OpGi6LvP8w="
        }
      }
    },
    "babel-eslint": {
      "version": "7.2.3",
      "resolved": "https://registry.npmjs.org/babel-eslint/-/babel-eslint-7.2.3.tgz",
      "integrity": "sha1-sv4tgBJkcPXBlELcdXJTqJdxCCc="
    },
    "babel-jest": {
      "version": "20.0.3",
      "resolved": "https://registry.npmjs.org/babel-jest/-/babel-jest-20.0.3.tgz",
      "integrity": "sha1-5KA7E9wQOJ4UD8ZF0J/8TO0wFnE="
    },
    "babel-loader": {
      "version": "7.1.2",
      "resolved": "https://registry.npmjs.org/babel-loader/-/babel-loader-7.1.2.tgz",
      "integrity": "sha512-jRwlFbINAeyDStqK6Dd5YuY0k5YuzQUvlz2ZamuXrXmxav3pNqe9vfJ402+2G+OmlJSXxCOpB6Uz0INM7RQe2A=="
    },
    "babel-preset-react-app": {
      "version": "3.1.1",
      "resolved": "https://registry.npmjs.org/babel-preset-react-app/-/babel-preset-react-app-3.1.1.tgz",
      "integrity": "sha512-9fRHopNaGL5ScRZdPSoyxRaABKmkS2fx0HUJ5Yphan5G8QDFD7lETsPyY7El6b7YPT3sNrw9gfrWzl4/LsJcfA=="
    },
    "babel-runtime": {
      "version": "6.26.0",
      "resolved": "https://registry.npmjs.org/babel-runtime/-/babel-runtime-6.26.0.tgz",
      "integrity": "sha1-llxwWGaOgrVde/4E/yM3vItWR/4="
    },
    "case-sensitive-paths-webpack-plugin": {
      "version": "2.1.1",
      "resolved": "https://registry.npmjs.org/case-sensitive-paths-webpack-plugin/-/case-sensitive-paths-webpack-plugin-2.1.1.tgz",
      "integrity": "sha1-PSnO2MHxJL9vU4Rvs/WJRzH9yQk="
    },
    "chalk": {
      "version": "1.1.3",
      "resolved": "https://registry.npmjs.org/chalk/-/chalk-1.1.3.tgz",
      "integrity": "sha1-qBFcVeSnAv5NFQq9OHKCKn4J/Jg=",
      "dependencies": {
        "ansi-styles": {
          "version": "2.2.1",
          "resolved": "https://registry.npmjs.org/ansi-styles/-/ansi-styles-2.2.1.tgz",
          "integrity": "sha1-tDLdM1i2NM914eRmQ2gkBTPB3b4="
        },
        "supports-color": {
          "version": "2.0.0",
          "resolved": "https://registry.npmjs.org/supports-color/-/supports-color-2.0.0.tgz",
          "integrity": "sha1-U10EXOa2Nj+kARcIRimZXp3zJMc="
        }
      }
    },
    "classnames": {
      "version": "2.2.5",
      "resolved": "https://registry.npmjs.org/classnames/-/classnames-2.2.5.tgz",
      "integrity": "sha1-+zgB1FNGdknvNgPH1hoCvRKb3m0="
    },
    "css-loader": {
      "version": "0.28.7",
      "resolved": "https://registry.npmjs.org/css-loader/-/css-loader-0.28.7.tgz",
      "integrity": "sha512-GxMpax8a/VgcfRrVy0gXD6yLd5ePYbXX/5zGgTVYp4wXtJklS8Z2VaUArJgc//f6/Dzil7BaJObdSv8eKKCPgg==",
      "dependencies": {
        "has-flag": {
          "version": "1.0.0",
          "resolved": "https://registry.npmjs.org/has-flag/-/has-flag-1.0.0.tgz",
          "integrity": "sha1-nZ55MWXOAXoA8AQYxD+UKnsdEfo="
        },
        "postcss": {
          "version": "5.2.18",
          "resolved": "https://registry.npmjs.org/postcss/-/postcss-5.2.18.tgz",
          "integrity": "sha512-zrUjRRe1bpXKsX1qAJNJjqZViErVuyEkMTRrwu4ud4sbTtIBRmtaYDrHmcGgmrbsW3MHfmtIf+vJumgQn+PrXg=="
        },
        "source-map": {
          "version": "0.5.7",
          "resolved": "https://registry.npmjs.org/source-map/-/source-map-0.5.7.tgz",
          "integrity": "sha1-igOdLRAh0i0eoUyA2OpGi6LvP8w="
        },
        "supports-color": {
          "version": "3.2.3",
          "resolved": "https://registry.npmjs.org/supports-color/-/supports-color-3.2.3.tgz",
          "integrity": "sha1-ZawFBLOVQXHYpklGsq48u4pfVPY="
        }
      }
    },
    "date-arithmetic": {
      "version": "3.1.0",
      "resolved": "https://registry.npmjs.org/date-arithmetic/-/date-arithmetic-3.1.0.tgz",
      "integrity": "sha1-H80D29UEudvuK5B4yFpfHH08wtM="
    },
    "dom-helpers": {
      "version": "3.3.1",
      "resolved": "https://registry.npmjs.org/dom-helpers/-/dom-helpers-3.3.1.tgz",
      "integrity": "sha512-2Sm+JaYn74OiTM2wHvxJOo3roiq/h25Yi69Fqk269cNUwIXsCvATB6CRSFC9Am/20G2b28hGv/+7NiWydIrPvg=="
    },
    "dotenv": {
      "version": "4.0.0",
      "resolved": "https://registry.npmjs.org/dotenv/-/dotenv-4.0.0.tgz",
      "integrity": "sha1-hk7xN5rO1Vzm+V3r7NzhefegzR0="
    },
    "dotenv-expand": {
      "version": "4.2.0",
      "resolved": "https://registry.npmjs.org/dotenv-expand/-/dotenv-expand-4.2.0.tgz",
      "integrity": "sha1-3vHxyl1gWdJKdm5YeULCEQbOEnU="
    },
    "es-to-primitive": {
      "version": "1.1.1",
      "resolved": "https://registry.npmjs.org/es-to-primitive/-/es-to-primitive-1.1.1.tgz",
      "integrity": "sha1-RTVSSKiJeQNLZ5Lhm7gfK3l13Q0="
    },
    "eslint": {
      "version": "4.10.0",
      "resolved": "https://registry.npmjs.org/eslint/-/eslint-4.10.0.tgz",
      "integrity": "sha512-MMVl8P/dYUFZEvolL8PYt7qc5LNdS2lwheq9BYa5Y07FblhcZqFyaUqlS8TW5QITGex21tV4Lk0a3fK8lsJIkA==",
      "dependencies": {
        "ansi-regex": {
          "version": "3.0.0",
          "resolved": "https://registry.npmjs.org/ansi-regex/-/ansi-regex-3.0.0.tgz",
          "integrity": "sha1-7QMXwyIGT3lGbAKWa922Bas32Zg="
        },
        "chalk": {
          "version": "2.4.1",
          "resolved": "https://registry.npmjs.org/chalk/-/chalk-2.4.1.tgz",
          "integrity": "sha512-ObN6h1v2fTJSmUXoS3nMQ92LbDK9be4TV+6G+omQlGJFdcUX5heKi1LZ1YnRMIgwTLEj3E24bT6tYni50rlCfQ=="
        },
        "debug": {
          "version": "3.1.0",
          "resolved": "https://registry.npmjs.org/debug/-/debug-3.1.0.tgz",
          "integrity": "sha512-OX8XqP7/1a9cqkxYw2yXss15f26NKWBpDXQd0/uK/KPqdQhxbPa994hnzjcE2VqQpDslf55723cKPUOGSmMY3g=="
        },
        "esprima": {
          "version": "4.0.0",
          "resolved": "https://registry.npmjs.org/esprima/-/esprima-4.0.0.tgz",
          "integrity": "sha512-oftTcaMu/EGrEIu904mWteKIv8vMuOgGYo7EhVJJN00R/EED9DCua/xxHRdYnKtcECzVg7xOWhflvJMnqcFZjw=="
        },
        "js-yaml": {
          "version": "3.11.0",
          "resolved": "https://registry.npmjs.org/js-yaml/-/js-yaml-3.11.0.tgz",
          "integrity": "sha512-saJstZWv7oNeOyBh3+Dx1qWzhW0+e6/8eDzo7p5rDFqxntSztloLtuKu+Ejhtq82jsilwOIZYsCz+lIjthg1Hw=="
        },
        "strip-ansi": {
          "version": "4.0.0",
          "resolved": "https://registry.npmjs.org/strip-ansi/-/strip-ansi-4.0.0.tgz",
          "integrity": "sha1-qEeQIusaw2iocTibY1JixQXuNo8="
        }
      }
    },
    "eslint-config-react-app": {
      "version": "2.1.0",
      "resolved": "https://registry.npmjs.org/eslint-config-react-app/-/eslint-config-react-app-2.1.0.tgz",
      "integrity": "sha512-8QZrKWuHVC57Fmu+SsKAVxnI9LycZl7NFQ4H9L+oeISuCXhYdXqsOOIVSjQFW6JF5MXZLFE+21Syhd7mF1IRZQ=="
    },
    "eslint-loader": {
      "version": "1.9.0",
      "resolved": "https://registry.npmjs.org/eslint-loader/-/eslint-loader-1.9.0.tgz",
      "integrity": "sha512-40aN976qSNPyb9ejTqjEthZITpls1SVKtwguahmH1dzGCwQU/vySE+xX33VZmD8csU0ahVNCtFlsPgKqRBiqgg=="
    },
    "eslint-plugin-flowtype": {
      "version": "2.39.1",
      "resolved": "https://registry.npmjs.org/eslint-plugin-flowtype/-/eslint-plugin-flowtype-2.39.1.tgz",
      "integrity": "sha512-RiQv+7Z9QDJuzt+NO8sYgkLGT+h+WeCrxP7y8lI7wpU41x3x/2o3PGtHk9ck8QnA9/mlbNcy/hG0eKvmd7npaA=="
    },
    "eslint-plugin-import": {
      "version": "2.8.0",
      "resolved": "https://registry.npmjs.org/eslint-plugin-import/-/eslint-plugin-import-2.8.0.tgz",
      "integrity": "sha512-Rf7dfKJxZ16QuTgVv1OYNxkZcsu/hULFnC+e+w0Gzi6jMC3guQoWQgxYxc54IDRinlb6/0v5z/PxxIKmVctN+g==",
      "dependencies": {
        "doctrine": {
          "version": "1.5.0",
          "resolved": "https://registry.npmjs.org/doctrine/-/doctrine-1.5.0.tgz",
          "integrity": "sha1-N53Ocw9hZvds76TmcHoVmwLFpvo="
        },
        "load-json-file": {
          "version": "2.0.0",
          "resolved": "https://registry.npmjs.org/load-json-file/-/load-json-file-2.0.0.tgz",
          "integrity": "sha1-eUfkIUmvgNaWy/eXvKq8/h/inKg="
        },
        "path-type": {
          "version": "2.0.0",
          "resolved": "https://registry.npmjs.org/path-type/-/path-type-2.0.0.tgz",
          "integrity": "sha1-8BLMuEFbcJb8LaoQVMPXI4lZTHM="
        },
        "read-pkg": {
          "version": "2.0.0",
          "resolved": "https://registry.npmjs.org/read-pkg/-/read-pkg-2.0.0.tgz",
          "integrity": "sha1-jvHAYjxqbbDcZxPEv6xGMysjaPg="
        },
        "read-pkg-up": {
          "version": "2.0.0",
          "resolved": "https://registry.npmjs.org/read-pkg-up/-/read-pkg-up-2.0.0.tgz",
          "integrity": "sha1-a3KoBImE4MQeeVEP1en6mbO1Sb4="
        },
        "strip-bom": {
          "version": "3.0.0",
          "resolved": "https://registry.npmjs.org/strip-bom/-/strip-bom-3.0.0.tgz",
          "integrity": "sha1-IzTBjpx1n3vdVv3vfprj1YjmjtM="
        }
      }
    },
    "eslint-plugin-jsx-a11y": {
      "version": "5.1.1",
      "resolved": "https://registry.npmjs.org/eslint-plugin-jsx-a11y/-/eslint-plugin-jsx-a11y-5.1.1.tgz",
      "integrity": "sha512-5I9SpoP7gT4wBFOtXT8/tXNPYohHBVfyVfO17vkbC7r9kEIxYJF12D3pKqhk8+xnk12rfxKClS3WCFpVckFTPQ=="
    },
    "eslint-plugin-react": {
      "version": "7.4.0",
      "resolved": "https://registry.npmjs.org/eslint-plugin-react/-/eslint-plugin-react-7.4.0.tgz",
      "integrity": "sha512-tvjU9u3VqmW2vVuYnE8Qptq+6ji4JltjOjJ9u7VAOxVYkUkyBZWRvNYKbDv5fN+L6wiA+4we9+qQahZ0m63XEA==",
      "dependencies": {
        "jsx-ast-utils": {
          "version": "2.0.1",
          "resolved": "https://registry.npmjs.org/jsx-ast-utils/-/jsx-ast-utils-2.0.1.tgz",
          "integrity": "sha1-6AGxs5mF4g//yHtA43SAgOLcrH8="
        }
      }
    },
    "extract-text-webpack-plugin": {
      "version": "3.0.2",
      "resolved": "https://registry.npmjs.org/extract-text-webpack-plugin/-/extract-text-webpack-plugin-3.0.2.tgz",
      "integrity": "sha512-bt/LZ4m5Rqt/Crl2HiKuAl/oqg0psx1tsTLkvWbJen1CtD+fftkZhMaQ9HOtY2gWsl2Wq+sABmMVi9z3DhKWQQ=="
    },
    "file-loader": {
      "version": "1.1.5",
      "resolved": "https://registry.npmjs.org/file-loader/-/file-loader-1.1.5.tgz",
      "integrity": "sha512-RzGHDatcVNpGISTvCpfUfOGpYuSR7HSsSg87ki+wF6rw1Hm0RALPTiAdsxAq1UwLf0RRhbe22/eHK6nhXspiOQ=="
    },
    "fs-extra": {
      "version": "3.0.1",
      "resolved": "https://registry.npmjs.org/fs-extra/-/fs-extra-3.0.1.tgz",
      "integrity": "sha1-N5TzeMWLNC6n27sjCVEJxLO2IpE="
    },
    "html-webpack-plugin": {
      "version": "2.29.0",
      "resolved": "https://registry.npmjs.org/html-webpack-plugin/-/html-webpack-plugin-2.29.0.tgz",
      "integrity": "sha1-6Yf0IYU9O2k4yMTIFxhC5f0XryM=",
      "dependencies": {
        "loader-utils": {
          "version": "0.2.17",
          "resolved": "https://registry.npmjs.org/loader-utils/-/loader-utils-0.2.17.tgz",
          "integrity": "sha1-+G5jdNQyBabmxg6RlvF8Apm/s0g="
        }
      }
    },
    "invariant": {
      "version": "2.2.4",
      "resolved": "https://registry.npmjs.org/invariant/-/invariant-2.2.4.tgz",
      "integrity": "sha512-phJfQVBuaJM5raOpJjSfkiD6BpbCE4Ns//LaXl6wGYtUBY83nWS6Rf9tXm2e8VaK60JEjYldbPif/A2B1C2gNA=="
    },
    "jest": {
      "version": "20.0.4",
      "resolved": "https://registry.npmjs.org/jest/-/jest-20.0.4.tgz",
      "integrity": "sha1-PdJgwpidba1nix6cxNkZRPbWAqw=",
      "dependencies": {
        "ansi-escapes": {
          "version": "1.4.0",
          "resolved": "https://registry.npmjs.org/ansi-escapes/-/ansi-escapes-1.4.0.tgz",
          "integrity": "sha1-06ioOzGapneTZisT52HHkRQiMG4="
        },
        "arr-diff": {
          "version": "2.0.0",
          "resolved": "https://registry.npmjs.org/arr-diff/-/arr-diff-2.0.0.tgz",
          "integrity": "sha1-jzuCf5Vai9ZpaX5KQlasPOrjVs8="
        },
        "array-unique": {
          "version": "0.2.1",
          "resolved": "https://registry.npmjs.org/array-unique/-/array-unique-0.2.1.tgz",
          "integrity": "sha1-odl8yvy8JiXMcPrc6zalDFiwGlM="
        },
        "braces": {
          "version": "1.8.5",
          "resolved": "https://registry.npmjs.org/braces/-/braces-1.8.5.tgz",
          "integrity": "sha1-uneWLhLf+WnWt2cR6RS3N4V79qc="
        },
        "callsites": {
          "version": "2.0.0",
          "resolved": "https://registry.npmjs.org/callsites/-/callsites-2.0.0.tgz",
          "integrity": "sha1-BuuE8A7qQT2oav/vrL/7Ngk7PFA="
        },
        "expand-brackets": {
          "version": "0.1.5",
          "resolved": "https://registry.npmjs.org/expand-brackets/-/expand-brackets-0.1.5.tgz",
          "integrity": "sha1-3wcoTjQqgHzXM6xa9yQR5YHRF3s="
        },
        "extglob": {
          "version": "0.3.2",
          "resolved": "https://registry.npmjs.org/extglob/-/extglob-0.3.2.tgz",
          "integrity": "sha1-Lhj/PS9JqydlzskCPwEdqo2DSaE="
        },
        "jest-cli": {
          "version": "20.0.4",
          "resolved": "https://registry.npmjs.org/jest-cli/-/jest-cli-20.0.4.tgz",
          "integrity": "sha1-5TKxnYiuW8bEF+iwWTpv6VSx3JM="
        },
        "kind-of": {
          "version": "3.2.2",
          "resolved": "https://registry.npmjs.org/kind-of/-/kind-of-3.2.2.tgz",
          "integrity": "sha1-MeohpzS6ubuw8yRm2JOupR5KPGQ="
        },
        "micromatch": {
          "version": "2.3.11",
          "resolved": "https://registry.npmjs.org/micromatch/-/micromatch-2.3.11.tgz",
          "integrity": "sha1-hmd8l9FyCzY0MdBNDRUpO9OMFWU="
        }
      }
    },
    "lodash": {
      "version": "4.17.21",
      "resolved": "https://registry.npmjs.org/lodash/-/lodash-4.17.21.tgz",
      "integrity": "sha512-v2kDEe57lecTulaDIuNTPy3Ry4gLGJ6Z1O3vE1krgXZNrsQ+LFTGHVxVjcXPs17LhbZVGedAJv8XZ1tvj5FvSg=="
    },
    "lodash.debounce": {
      "version": "4.0.8",
      "resolved": "https://registry.npmjs.org/lodash.debounce/-/lodash.debounce-4.0.8.tgz",
      "integrity": "sha1-gteb/zCmfEAF/9XiUVMArZyk168="
    },
    "lodash.isequal": {
      "version": "4.5.0",
      "resolved": "https://registry.npmjs.org/lodash.isequal/-/lodash.isequal-4.5.0.tgz",
      "integrity": "sha1-QVxEePK8wwEgwizhDtMib30+GOA="
    },
    "loose-envify": {
      "version": "1.3.1",
      "resolved": "https://registry.npmjs.org/loose-envify/-/loose-envify-1.3.1.tgz",
      "integrity": "sha1-0aitM/qc4OcT1l/dCsi3SNR4yEg="
    },
    "moment": {
      "version": "2.29.1",
      "resolved": "https://registry.npmjs.org/moment/-/moment-2.29.1.tgz",
      "integrity": "sha512-kHmoybcPV8Sqy59DwNDY3Jefr64lK/by/da0ViFcuA4DH0vQg5Q6Ze5VimxkfQNSC+Mls/Kx53s7TjP1RhFEDQ=="
    },
    "object-assign": {
      "version": "4.1.1",
      "resolved": "https://registry.npmjs.org/object-assign/-/object-assign-4.1.1.tgz",
      "integrity": "sha1-IQmtx5ZYh8/AXLvUQsrIv7s2CGM="
    },
    "postcss-flexbugs-fixes": {
      "version": "3.2.0",
      "resolved": "https://registry.npmjs.org/postcss-flexbugs-fixes/-/postcss-flexbugs-fixes-3.2.0.tgz",
      "integrity": "sha512-0AuD9HG1Ey3/3nqPWu9yqf7rL0KCPu5VgjDsjf5mzEcuo9H/z8nco/fljKgjsOUrZypa95MI0kS4xBZeBzz2lw=="
    },
    "postcss-loader": {
      "version": "2.0.8",
      "resolved": "https://registry.npmjs.org/postcss-loader/-/postcss-loader-2.0.8.tgz",
      "integrity": "sha512-KtXBiQ/r/WYW8LxTSJK7h8wLqvCMSub/BqmRnud/Mu8RzwflW9cmXxwsMwbn15TNv287Hcufdb3ZSs7xHKnG8Q=="
    },
    "promise": {
      "version": "8.0.1",
      "resolved": "https://registry.npmjs.org/promise/-/promise-8.0.1.tgz",
      "integrity": "sha1-5F1osAoXZHttpxG/he1u1HII9FA="
    },
    "prop-types": {
      "version": "15.6.1",
      "resolved": "https://registry.npmjs.org/prop-types/-/prop-types-15.6.1.tgz",
      "integrity": "sha512-4ec7bY1Y66LymSUOH/zARVYObB23AT2h8cf6e/O6ZALB/N0sqZFEx7rq6EYPX2MkOdKORuooI/H5k9TlR4q7kQ=="
    },
    "prop-types-extra": {
      "version": "1.1.0",
      "resolved": "https://registry.npmjs.org/prop-types-extra/-/prop-types-extra-1.1.0.tgz",
      "integrity": "sha512-QFyuDxvMipmIVKD2TwxLVPzMnO4e5oOf1vr3tJIomL8E7d0lr6phTHd5nkPhFIzTD1idBLLEPeylL9g+rrTzRg=="
    },
    "raf": {
      "version": "3.4.0",
      "resolved": "https://registry.npmjs.org/raf/-/raf-3.4.0.tgz",
      "integrity": "sha512-pDP/NMRAXoTfrhCfyfSEwJAKLaxBU9eApMeBPB1TkDouZmvPerIClV8lTAd+uF8ZiTaVl69e1FCxQrAd/VTjGw=="
    },
    "react": {
      "version": "16.3.2",
      "resolved": "https://registry.npmjs.org/react/-/react-16.3.2.tgz",
      "integrity": "sha512-o5GPdkhciQ3cEph6qgvYB7LTOHw/GB0qRI6ZFNugj49qJCFfgHwVNjZ5u+b7nif4vOeMIOuYj3CeYe2IBD74lg=="
    },
    "react-addons-css-transition-group": {
      "version": "15.6.2",
      "resolved": "https://registry.npmjs.org/react-addons-css-transition-group/-/react-addons-css-transition-group-15.6.2.tgz",
      "integrity": "sha1-nkN2vPQLUhfRTsaFUwgc7ksIptY="
    },
    "react-big-calendar": {
      "version": "0.19.2",
      "resolved": "https://registry.npmjs.org/react-big-calendar/-/react-big-calendar-0.19.2.tgz",
      "integrity": "sha512-cuGfM211IGM54qaOUod0IaqGQh7iBYvjeNoP2DlfLQy+oLTBtZ8y+AFwBKqGsZT2gEyBOlrgNfIBLGltlrEicA==",
      "requires": {
        "classnames": "^2.1.3",
        "date-arithmetic": "^3.0.0",
        "dom-helpers": "^2.3.0 || ^3.0.0",
        "invariant": "^2.1.0",
        "lodash": "^4.17.4",
        "prop-types": "^15.5.8",
        "react-overlays": "^0.7.0",
        "react-prop-types": "^0.4.0",
        "uncontrollable": "^4.0.0",
        "warning": "^2.0.0"
      },
      "dependencies": {
        "react-overlays": {
          "version": "0.7.4",
          "resolved": "https://registry.npmjs.org/react-overlays/-/react-overlays-0.7.4.tgz",
          "integrity": "sha512-7vsooMx3siLAuEfTs8FYeP/lAORWWFXTO8PON3KgX0Htq1Oa+po6ioSjGyO0/GO5CVSMNhpWt6V2opeexHgBuQ==",
          "requires": {
            "classnames": "^2.2.5",
            "dom-helpers": "^3.2.1",
            "prop-types": "^15.5.10",
            "prop-types-extra": "^1.0.1",
            "warning": "^3.0.0"
          },
          "dependencies": {
            "warning": {
              "version": "3.0.0",
              "resolved": "https://registry.npmjs.org/warning/-/warning-3.0.0.tgz",
              "integrity": "sha1-MuU3fLVy3kqwR1O9+IIcAe1gW3w=",
              "requires": {
                "loose-envify": "^1.0.0"
              }
            }
          }
        },
        "warning": {
          "version": "2.1.0",
          "resolved": "https://registry.npmjs.org/warning/-/warning-2.1.0.tgz",
          "integrity": "sha1-ISINnGOvx3qMkhEeARr3Bc4MaQE=",
          "requires": {
            "loose-envify": "^1.0.0"
          }
        }
      }
    },
    "react-bootstrap": {
      "version": "0.32.1",
      "resolved": "https://registry.npmjs.org/react-bootstrap/-/react-bootstrap-0.32.1.tgz",
      "integrity": "sha512-RbfzKUbsukWsToWqGHfCCyMFq9QQI0TznutdyxyJw6dih2NvIne25Mrssg8LZsprqtPpyQi8bN0L0Fx3fUsL8Q==",
      "dependencies": {
        "react-transition-group": {
          "version": "2.3.1",
          "resolved": "https://registry.npmjs.org/react-transition-group/-/react-transition-group-2.3.1.tgz",
          "integrity": "sha512-hu4/LAOFSKjWt1+1hgnOv3ldxmt6lvZGTWz4KUkFrqzXrNDIVSu6txIcPszw7PNduR8en9YTN55JLRyd/L1ZiQ=="
        }
      }
    },
    "react-burger-menu": {
      "version": "2.4.4",
      "resolved": "https://registry.npmjs.org/react-burger-menu/-/react-burger-menu-2.4.4.tgz",
      "integrity": "sha512-Le68NqlcWQjz9evigGHOaxwZRuZ5b2HyAnbrUEOkBWOLaW07Fielg9rXQJDqWc9DJcsB2yhtgJTEwwKO5m8a/g=="
    },
    "react-dev-utils": {
      "version": "5.0.1",
      "resolved": "https://registry.npmjs.org/react-dev-utils/-/react-dev-utils-5.0.1.tgz",
      "integrity": "sha512-+y92rG6pmXt3cpcg/NGmG4w/W309tWNSmyyPL8hCMxuCSg2UP/hUg3npACj2UZc8UKVSXexyLrCnxowizGoAsw=="
    },
    "react-dom": {
      "version": "16.3.2",
      "resolved": "https://registry.npmjs.org/react-dom/-/react-dom-16.3.2.tgz",
      "integrity": "sha512-MMPko3zYncNrz/7gG17wJWUREZDvskZHXOwbttzl0F0L3wDmToyuETuo/r8Y5yvDejwYcRyWI1lvVBjLJWFwKA=="
    },
    "react-infinite-calendar": {
      "version": "2.3.1",
      "resolved": "https://registry.npmjs.org/react-infinite-calendar/-/react-infinite-calendar-2.3.1.tgz",
      "integrity": "sha1-l/Y5g7PuHsDfR2s2uCJ8fbDtv4U="
    },
    "react-persist": {
      "version": "1.0.2",
      "resolved": "https://registry.npmjs.org/react-persist/-/react-persist-1.0.2.tgz",
      "integrity": "sha512-IB+AthS5K+DTvHBvcBjYzmaNBpWi6zFWK7RYuhUMDtuQOQ3Umuom2VUf7pfJUJCoXyMVxLo2fxIn3YiZyUA8Qg==",
      "requires": {
        "lodash.debounce": "^4.0.8",
        "lodash.isequal": "^4.5.0"
      }
    },
    "react-prop-types": {
      "version": "0.4.0",
      "resolved": "https://registry.npmjs.org/react-prop-types/-/react-prop-types-0.4.0.tgz",
      "integrity": "sha1-+ZsL+0AGkpya8gUefBQUpcdbk9A="
    },
    "react-redux": {
      "version": "5.0.7",
      "resolved": "https://registry.npmjs.org/react-redux/-/react-redux-5.0.7.tgz",
      "integrity": "sha512-5VI8EV5hdgNgyjfmWzBbdrqUkrVRKlyTKk1sGH3jzM2M2Mhj/seQgPXaz6gVAj2lz/nz688AdTqMO18Lr24Zhg==",
      "dependencies": {
        "hoist-non-react-statics": {
          "version": "2.5.4",
          "resolved": "https://registry.npmjs.org/hoist-non-react-statics/-/hoist-non-react-statics-2.5.4.tgz",
          "integrity": "sha512-yklXtcYj0Pt5Dz9No8xUh7d+/7fy5XRIm+r7U/BXgwJ/VsD75EfXA8t4p9tIL0jykzo5A/sGzt1xV6oqd/gP0w=="
        }
      }
    },
    "react-router-dom": {
      "version": "4.2.2",
      "resolved": "https://registry.npmjs.org/react-router-dom/-/react-router-dom-4.2.2.tgz",
      "integrity": "sha512-cHMFC1ZoLDfEaMFoKTjN7fry/oczMgRt5BKfMAkTu5zEuJvUiPp1J8d0eXSVTnBh6pxlbdqDhozunOOLtmKfPA=="
    },
    "react-scripts": {
      "version": "1.1.4",
      "resolved": "https://registry.npmjs.org/react-scripts/-/react-scripts-1.1.4.tgz",
      "integrity": "sha512-UVZIujEIT9BGbx+NGvyfS92eOrNIIpqqFi1FP7a0O9l94A/XV7bhPk70SfDKaXZouCX81tFdXo0948DjhCEgGw==",
      "dependencies": {
        "resolve": {
          "version": "1.6.0",
          "resolved": "https://registry.npmjs.org/resolve/-/resolve-1.6.0.tgz",
          "integrity": "sha512-mw7JQNu5ExIkcw4LPih0owX/TZXjD/ZUF/ZQ/pDnkw3ZKhDcZZw5klmBlj6gVMwjQ3Pz5Jgu7F3d0jcDVuEWdw=="
        }
      }
    },
    "react-sidebar": {
      "version": "2.3.2",
      "resolved": "https://registry.npmjs.org/react-sidebar/-/react-sidebar-2.3.2.tgz",
      "integrity": "sha1-7BQL6opvX6PY6npWR5ZltEz0+c8="
    },
    "reactjs-popup": {
      "version": "1.1.1",
      "resolved": "https://registry.npmjs.org/reactjs-popup/-/reactjs-popup-1.1.1.tgz",
      "integrity": "sha512-K07ioLdQkRvASqTCQdue1EwG0uYES5caXuxg2X63vcRXP2t9e6HGhGlC4CqOMlIdrxT/UwAC0nVnBzQ6Yky14g=="
    },
    "redux": {
      "version": "3.7.2",
      "resolved": "https://registry.npmjs.org/redux/-/redux-3.7.2.tgz",
      "integrity": "sha512-pNqnf9q1hI5HHZRBkj3bAngGZW/JMCmexDlOxw4XagXY2o1327nHH54LoTjiPJ0gizoqPDRqWyX/00g0hD6w+A=="
    },
    "redux-persist": {
      "version": "5.10.0",
      "resolved": "https://registry.npmjs.org/redux-persist/-/redux-persist-5.10.0.tgz",
      "integrity": "sha512-sSJAzNq7zka3qVHKce1hbvqf0Vf5DuTVm7dr4GtsqQVOexnrvbV47RWFiPxQ8fscnyiuWyD2O92DOxPl0tGCRg=="
    },
    "style-loader": {
      "version": "0.19.0",
      "resolved": "https://registry.npmjs.org/style-loader/-/style-loader-0.19.0.tgz",
      "integrity": "sha512-9mx9sC9nX1dgP96MZOODpGC6l1RzQBITI2D5WJhu+wnbrSYVKLGuy14XJSLVQih/0GFrPpjelt+s//VcZQ2Evw=="
    },
    "sw-precache-webpack-plugin": {
      "version": "0.11.4",
      "resolved": "https://registry.npmjs.org/sw-precache-webpack-plugin/-/sw-precache-webpack-plugin-0.11.4.tgz",
      "integrity": "sha1-ppUBflTu1XVVFJOlGdwdqNotxeA="
    },
    "uncontrollable": {
      "version": "4.1.0",
      "resolved": "https://registry.npmjs.org/uncontrollable/-/uncontrollable-4.1.0.tgz",
      "integrity": "sha1-4DWCkSUuGGUiLZCTmxny9J+Bwak="
    },
    "url-loader": {
      "version": "0.6.2",
      "resolved": "https://registry.npmjs.org/url-loader/-/url-loader-0.6.2.tgz",
      "integrity": "sha512-h3qf9TNn53BpuXTTcpC+UehiRrl0Cv45Yr/xWayApjw6G8Bg2dGke7rIwDQ39piciWCWrC+WiqLjOh3SUp9n0Q=="
    },
    "webpack": {
      "version": "3.8.1",
      "resolved": "https://registry.npmjs.org/webpack/-/webpack-3.8.1.tgz",
      "integrity": "sha512-5ZXLWWsMqHKFr5y0N3Eo5IIisxeEeRAajNq4mELb/WELOR7srdbQk2N5XiyNy2A/AgvlR3AmeBCZJW8lHrolbw==",
      "dependencies": {
        "ajv-keywords": {
          "version": "2.1.1",
          "resolved": "https://registry.npmjs.org/ajv-keywords/-/ajv-keywords-2.1.1.tgz",
          "integrity": "sha1-YXmX/F9gV2iUxDX5QNgZ4TW4B2I="
        },
        "camelcase": {
          "version": "4.1.0",
          "resolved": "https://registry.npmjs.org/camelcase/-/camelcase-4.1.0.tgz",
          "integrity": "sha1-1UVjW+HjPFQmScaRc+Xeas+uNN0="
        },
        "cliui": {
          "version": "3.2.0",
          "resolved": "https://registry.npmjs.org/cliui/-/cliui-3.2.0.tgz",
          "integrity": "sha1-EgYBU3qRbSmUD5NNo7SNWFo5IT0=",
          "dependencies": {
            "string-width": {
              "version": "1.0.2",
              "resolved": "https://registry.npmjs.org/string-width/-/string-width-1.0.2.tgz",
              "integrity": "sha1-EYvfW4zcUaKn5w0hHgfisLmxB9M="
            }
          }
        },
        "has-flag": {
          "version": "2.0.0",
          "resolved": "https://registry.npmjs.org/has-flag/-/has-flag-2.0.0.tgz",
          "integrity": "sha1-6CB68cx7MNRGzHC3NLXovhj4jVE="
        },
        "is-fullwidth-code-point": {
          "version": "1.0.0",
          "resolved": "https://registry.npmjs.org/is-fullwidth-code-point/-/is-fullwidth-code-point-1.0.0.tgz",
          "integrity": "sha1-754xOG8DGn8NZDr4L95QxFfvAMs="
        },
        "load-json-file": {
          "version": "2.0.0",
          "resolved": "https://registry.npmjs.org/load-json-file/-/load-json-file-2.0.0.tgz",
          "integrity": "sha1-eUfkIUmvgNaWy/eXvKq8/h/inKg="
        },
        "os-locale": {
          "version": "2.1.0",
          "resolved": "https://registry.npmjs.org/os-locale/-/os-locale-2.1.0.tgz",
          "integrity": "sha512-3sslG3zJbEYcaC4YVAvDorjGxc7tv6KVATnLPZONiljsUncvihe9BQoVCEs0RZ1kmf4Hk9OBqlZfJZWI4GanKA=="
        },
        "path-type": {
          "version": "2.0.0",
          "resolved": "https://registry.npmjs.org/path-type/-/path-type-2.0.0.tgz",
          "integrity": "sha1-8BLMuEFbcJb8LaoQVMPXI4lZTHM="
        },
        "read-pkg": {
          "version": "2.0.0",
          "resolved": "https://registry.npmjs.org/read-pkg/-/read-pkg-2.0.0.tgz",
          "integrity": "sha1-jvHAYjxqbbDcZxPEv6xGMysjaPg="
        },
        "read-pkg-up": {
          "version": "2.0.0",
          "resolved": "https://registry.npmjs.org/read-pkg-up/-/read-pkg-up-2.0.0.tgz",
          "integrity": "sha1-a3KoBImE4MQeeVEP1en6mbO1Sb4="
        },
        "source-map": {
          "version": "0.5.7",
          "resolved": "https://registry.npmjs.org/source-map/-/source-map-0.5.7.tgz",
          "integrity": "sha1-igOdLRAh0i0eoUyA2OpGi6LvP8w="
        },
        "strip-bom": {
          "version": "3.0.0",
          "resolved": "https://registry.npmjs.org/strip-bom/-/strip-bom-3.0.0.tgz",
          "integrity": "sha1-IzTBjpx1n3vdVv3vfprj1YjmjtM="
        },
        "supports-color": {
          "version": "4.5.0",
          "resolved": "https://registry.npmjs.org/supports-color/-/supports-color-4.5.0.tgz",
          "integrity": "sha1-vnoN5ITexcXN34s9WRJQRJEvY1s="
        },
        "which-module": {
          "version": "2.0.0",
          "resolved": "https://registry.npmjs.org/which-module/-/which-module-2.0.0.tgz",
          "integrity": "sha1-2e8H3Od7mQK4o6j6SzHD4/fm6Ho="
        },
        "yargs": {
          "version": "8.0.2",
          "resolved": "https://registry.npmjs.org/yargs/-/yargs-8.0.2.tgz",
          "integrity": "sha1-YpmpBVsc78lp/355wdkY3Osiw2A="
        },
        "yargs-parser": {
          "version": "7.0.0",
          "resolved": "https://registry.npmjs.org/yargs-parser/-/yargs-parser-7.0.0.tgz",
          "integrity": "sha1-jQrELxbqVd69MyyvTEA4s+P139k="
        }
      }
    },
    "webpack-bundle-tracker": {
      "version": "0.3.0",
      "resolved": "https://registry.npmjs.org/webpack-bundle-tracker/-/webpack-bundle-tracker-0.3.0.tgz",
      "integrity": "sha512-I0Gwkug8QX8xZS14SvmfWin1AmZDoZp/0AGvlgKqNxyw20DgkFkq1jTQ/Ml73YgjFTmQ5bATyQM7TjtYMP1nFA==",
      "dev": true,
      "dependencies": {
        "ansi-regex": {
          "version": "1.1.1",
          "resolved": "https://registry.npmjs.org/ansi-regex/-/ansi-regex-1.1.1.tgz",
          "integrity": "sha1-QchHGUZGN15qGl0Qw8oFTvn8mA0="
        },
        "deep-extend": {
          "version": "0.4.2",
          "resolved": "https://registry.npmjs.org/deep-extend/-/deep-extend-0.4.2.tgz",
          "integrity": "sha1-SLaZwn4zS/ifEIkr5DL25MfTSn8="
        },
        "strip-ansi": {
          "version": "2.0.1",
          "resolved": "https://registry.npmjs.org/strip-ansi/-/strip-ansi-2.0.1.tgz",
          "integrity": "sha1-32LBqpTtLxFOHQ8h/R1QSCt5pg4="
        }
      }
    },
    "webpack-dev-server": {
      "version": "2.9.4",
      "resolved": "https://registry.npmjs.org/webpack-dev-server/-/webpack-dev-server-2.9.4.tgz",
      "integrity": "sha512-thrqC0EQEoSjXeYgP6pUXcUCZ+LNrKsDPn+mItLnn5VyyNZOJKd06hUP5vqkYwL8nWWXsii0loSF9NHNccT6ow==",
      "dependencies": {
        "camelcase": {
          "version": "3.0.0",
          "resolved": "https://registry.npmjs.org/camelcase/-/camelcase-3.0.0.tgz",
          "integrity": "sha1-MvxLn82vhF/N9+c7uXysImHwqwo="
        },
        "chokidar": {
          "version": "1.7.0",
          "resolved": "https://registry.npmjs.org/chokidar/-/chokidar-1.7.0.tgz",
          "integrity": "sha1-eY5ol3gVHIB2tLNg5e3SjNortGg="
        },
        "cliui": {
          "version": "3.2.0",
          "resolved": "https://registry.npmjs.org/cliui/-/cliui-3.2.0.tgz",
          "integrity": "sha1-EgYBU3qRbSmUD5NNo7SNWFo5IT0="
        },
        "debug": {
          "version": "3.1.0",
          "resolved": "https://registry.npmjs.org/debug/-/debug-3.1.0.tgz",
          "integrity": "sha512-OX8XqP7/1a9cqkxYw2yXss15f26NKWBpDXQd0/uK/KPqdQhxbPa994hnzjcE2VqQpDslf55723cKPUOGSmMY3g=="
        },
        "del": {
          "version": "3.0.0",
          "resolved": "https://registry.npmjs.org/del/-/del-3.0.0.tgz",
          "integrity": "sha1-U+z2mf/LyzljdpGrE7rxYIGXZuU="
        },
        "globby": {
          "version": "6.1.0",
          "resolved": "https://registry.npmjs.org/globby/-/globby-6.1.0.tgz",
          "integrity": "sha1-9abXDoOV4hyFj7BInWTfAkJNUGw=",
          "dependencies": {
            "pify": {
              "version": "2.3.0",
              "resolved": "https://registry.npmjs.org/pify/-/pify-2.3.0.tgz",
              "integrity": "sha1-7RQaasBDqEnqWISY59yosVMw6Qw="
            }
          }
        },
        "has-flag": {
          "version": "2.0.0",
          "resolved": "https://registry.npmjs.org/has-flag/-/has-flag-2.0.0.tgz",
          "integrity": "sha1-6CB68cx7MNRGzHC3NLXovhj4jVE="
        },
        "is-fullwidth-code-point": {
          "version": "1.0.0",
          "resolved": "https://registry.npmjs.org/is-fullwidth-code-point/-/is-fullwidth-code-point-1.0.0.tgz",
          "integrity": "sha1-754xOG8DGn8NZDr4L95QxFfvAMs="
        },
        "pify": {
          "version": "3.0.0",
          "resolved": "https://registry.npmjs.org/pify/-/pify-3.0.0.tgz",
          "integrity": "sha1-5aSs0sEB/fPZpNB/DbxNtJ3SgXY="
        },
        "string-width": {
          "version": "1.0.2",
          "resolved": "https://registry.npmjs.org/string-width/-/string-width-1.0.2.tgz",
          "integrity": "sha1-EYvfW4zcUaKn5w0hHgfisLmxB9M="
        },
        "supports-color": {
          "version": "4.5.0",
          "resolved": "https://registry.npmjs.org/supports-color/-/supports-color-4.5.0.tgz",
          "integrity": "sha1-vnoN5ITexcXN34s9WRJQRJEvY1s="
        },
        "yargs": {
          "version": "6.6.0",
          "resolved": "https://registry.npmjs.org/yargs/-/yargs-6.6.0.tgz",
          "integrity": "sha1-eC7CHvQDNF+DCoCMo9UTr1YGUgg="
        },
        "yargs-parser": {
          "version": "4.2.1",
          "resolved": "https://registry.npmjs.org/yargs-parser/-/yargs-parser-4.2.1.tgz",
          "integrity": "sha1-KczqwNxPA8bIe0qfIX3RjJ90hxw="
        }
      }
    },
    "webpack-manifest-plugin": {
      "version": "1.3.2",
      "resolved": "https://registry.npmjs.org/webpack-manifest-plugin/-/webpack-manifest-plugin-1.3.2.tgz",
      "integrity": "sha512-MX60Bv2G83Zks9pi3oLOmRgnPAnwrlMn+lftMrWBm199VQjk46/xgzBi9lPfpZldw2+EI2S+OevuLIaDuxCWRw==",
      "dependencies": {
        "fs-extra": {
          "version": "0.30.0",
          "resolved": "https://registry.npmjs.org/fs-extra/-/fs-extra-0.30.0.tgz",
          "integrity": "sha1-8jP/zAjU2n1DLapEl3aYnbHfk/A="
        },
        "jsonfile": {
          "version": "2.4.0",
          "resolved": "https://registry.npmjs.org/jsonfile/-/jsonfile-2.4.0.tgz",
          "integrity": "sha1-NzaitCi4e72gzIO1P6PWM6NcKug="
        }
      }
    },
    "whatwg-fetch": {
      "version": "2.0.3",
      "resolved": "https://registry.npmjs.org/whatwg-fetch/-/whatwg-fetch-2.0.3.tgz",
      "integrity": "sha1-nITsLc9oGH/wC8ZOEnS0QhduHIQ="
    }
  }
}
